PODS:
  - NVActivityIndicatorView (5.1.1):
    - NVActivityIndicatorView/Base (= 5.1.1)
  - NVActivityIndicatorView/Base (5.1.1)
  - Realm (10.29.0):
    - Realm/Headers (= 10.29.0)
  - Realm/Headers (10.29.0)
  - RealmSwift (10.29.0):
    - Realm (= 10.29.0)

DEPENDENCIES:
  - NVActivityIndicatorView
  - RealmSwift

SPEC REPOS:
  trunk:
    - NVActivityIndicatorView
    - Realm
    - RealmSwift

SPEC CHECKSUMS:
  NVActivityIndicatorView: 1f6c5687f1171810aa27a3296814dc2d7dec3667
  Realm: 5596770daeff1ad76c8eb10d5947dc10472da779
  RealmSwift: 35d8d318b7e5a8dbc7096c2a243184e4d19abcc0

PODFILE CHECKSUM: c0eadf182c29f5247a55bc6a73120db35bd9be6c

COCOAPODS: 1.11.3
