// !$*UTF8*$!
{
	archiveVersion = 1;
	classes = {
	};
	objectVersion = 54;
	objects = {

/* Begin PBXBuildFile section */
		683511E823E59C13007AC2BB /* TableCellClass.swift in Sources */ = {isa = PBXBuildFile; fileRef = 683511E723E59C13007AC2BB /* TableCellClass.swift */; };
		684109E4259B2BB200A80552 /* DataManager.swift in Sources */ = {isa = PBXBuildFile; fileRef = 684109E3259B2BB200A80552 /* DataManager.swift */; };
		684109F1259B2D2800A80552 /* Networker.swift in Sources */ = {isa = PBXBuildFile; fileRef = 684109E8259B2D2800A80552 /* Networker.swift */; };
		684109F2259B2D2800A80552 /* NetAgent.swift in Sources */ = {isa = PBXBuildFile; fileRef = 684109E9259B2D2800A80552 /* NetAgent.swift */; };
		684109F3259B2D2800A80552 /* NetUtilities.swift in Sources */ = {isa = PBXBuildFile; fileRef = 684109EB259B2D2800A80552 /* NetUtilities.swift */; };
		684109F5259B2D2800A80552 /* NetData.swift in Sources */ = {isa = PBXBuildFile; fileRef = 684109EE259B2D2800A80552 /* NetData.swift */; };
		684109F6259B2D2800A80552 /* NetConfig.swift in Sources */ = {isa = PBXBuildFile; fileRef = 684109EF259B2D2800A80552 /* NetConfig.swift */; };
		684109F7259B2D2800A80552 /* NetResponse.swift in Sources */ = {isa = PBXBuildFile; fileRef = 684109F0259B2D2800A80552 /* NetResponse.swift */; };
		684109FF259B39D500A80552 /* DataAPI.swift in Sources */ = {isa = PBXBuildFile; fileRef = 684109FE259B39D500A80552 /* DataAPI.swift */; };
		684A20921EA74B7400BFC44C /* Main.storyboard in Resources */ = {isa = PBXBuildFile; fileRef = 684A20901EA74B7400BFC44C /* Main.storyboard */; };
		684A20941EA74B7400BFC44C /* Assets.xcassets in Resources */ = {isa = PBXBuildFile; fileRef = 684A20931EA74B7400BFC44C /* Assets.xcassets */; };
		684A20971EA74B7400BFC44C /* LaunchScreen.storyboard in Resources */ = {isa = PBXBuildFile; fileRef = 684A20951EA74B7400BFC44C /* LaunchScreen.storyboard */; };
		684D7598259A435D003FCB1C /* CloudDetail.swift in Sources */ = {isa = PBXBuildFile; fileRef = 684D7597259A435D003FCB1C /* CloudDetail.swift */; };
		684D759C259A436D003FCB1C /* Cloud.swift in Sources */ = {isa = PBXBuildFile; fileRef = 684D759B259A436D003FCB1C /* Cloud.swift */; };
		684D75A0259A43DF003FCB1C /* CloudType.swift in Sources */ = {isa = PBXBuildFile; fileRef = 684D759F259A43DF003FCB1C /* CloudType.swift */; };
		684D75A3259A460D003FCB1C /* Database.swift in Sources */ = {isa = PBXBuildFile; fileRef = 684D75A2259A460D003FCB1C /* Database.swift */; };
		684D75A9259A47AC003FCB1C /* RealmOperation.swift in Sources */ = {isa = PBXBuildFile; fileRef = 684D75A7259A47A9003FCB1C /* RealmOperation.swift */; };
		684D75AA259A47AC003FCB1C /* RealmQuery.swift in Sources */ = {isa = PBXBuildFile; fileRef = 684D75A8259A47AC003FCB1C /* RealmQuery.swift */; };
		68B9265223E56D6B0046D78C /* MainVC.swift in Sources */ = {isa = PBXBuildFile; fileRef = 68B9265123E56D6B0046D78C /* MainVC.swift */; };
		68B9265523E572B00046D78C /* DetailVC.swift in Sources */ = {isa = PBXBuildFile; fileRef = 68B9265423E572B00046D78C /* DetailVC.swift */; };
		68B9265923E57B0C0046D78C /* IntroVC.swift in Sources */ = {isa = PBXBuildFile; fileRef = 68B9265823E57B0C0046D78C /* IntroVC.swift */; };
		68EA8DFB259C6AF800E8D937 /* CloudController.swift in Sources */ = {isa = PBXBuildFile; fileRef = 68EA8DFA259C6AF800E8D937 /* CloudController.swift */; };
		68EA8DFE259C6B0900E8D937 /* AltitudeController.swift in Sources */ = {isa = PBXBuildFile; fileRef = 68EA8DFD259C6B0900E8D937 /* AltitudeController.swift */; };
		68EA8E01259C6B1900E8D937 /* DetailController.swift in Sources */ = {isa = PBXBuildFile; fileRef = 68EA8E00259C6B1900E8D937 /* DetailController.swift */; };
		68EA8E2D259CD00500E8D937 /* TableCellSynthesis.swift in Sources */ = {isa = PBXBuildFile; fileRef = 683511E523E59B1E007AC2BB /* TableCellSynthesis.swift */; };
		80AA9E3C8C8867841DE32FA6 /* Pods_nimbus.framework in Frameworks */ = {isa = PBXBuildFile; fileRef = 1272D989A4F583ADA49D8CDD /* Pods_nimbus.framework */; };
		E83871A427CBC57500B8D023 /* CloudResults.swift in Sources */ = {isa = PBXBuildFile; fileRef = E83871A327CBC57500B8D023 /* CloudResults.swift */; };
		E83ECA8A27CAAD660016FB3E /* AppDelegate.swift in Sources */ = {isa = PBXBuildFile; fileRef = E83ECA8927CAAD660016FB3E /* AppDelegate.swift */; };
/* End PBXBuildFile section */

/* Begin PBXFileReference section */
		1272D989A4F583ADA49D8CDD /* Pods_nimbus.framework */ = {isa = PBXFileReference; explicitFileType = wrapper.framework; includeInIndex = 0; path = Pods_nimbus.framework; sourceTree = BUILT_PRODUCTS_DIR; };
		677CD0CD5F91D9D829360CD8 /* Pods-nimbus.debug.xcconfig */ = {isa = PBXFileReference; includeInIndex = 1; lastKnownFileType = text.xcconfig; name = "Pods-nimbus.debug.xcconfig"; path = "Pods/Target Support Files/Pods-nimbus/Pods-nimbus.debug.xcconfig"; sourceTree = "<group>"; };
		683511E523E59B1E007AC2BB /* TableCellSynthesis.swift */ = {isa = PBXFileReference; lastKnownFileType = sourcecode.swift; path = TableCellSynthesis.swift; sourceTree = "<group>"; };
		683511E723E59C13007AC2BB /* TableCellClass.swift */ = {isa = PBXFileReference; lastKnownFileType = sourcecode.swift; path = TableCellClass.swift; sourceTree = "<group>"; };
		684109E3259B2BB200A80552 /* DataManager.swift */ = {isa = PBXFileReference; lastKnownFileType = sourcecode.swift; path = DataManager.swift; sourceTree = "<group>"; };
		684109E8259B2D2800A80552 /* Networker.swift */ = {isa = PBXFileReference; fileEncoding = 4; lastKnownFileType = sourcecode.swift; path = Networker.swift; sourceTree = "<group>"; };
		684109E9259B2D2800A80552 /* NetAgent.swift */ = {isa = PBXFileReference; fileEncoding = 4; lastKnownFileType = sourcecode.swift; path = NetAgent.swift; sourceTree = "<group>"; };
		684109EB259B2D2800A80552 /* NetUtilities.swift */ = {isa = PBXFileReference; fileEncoding = 4; lastKnownFileType = sourcecode.swift; path = NetUtilities.swift; sourceTree = "<group>"; };
		684109EE259B2D2800A80552 /* NetData.swift */ = {isa = PBXFileReference; fileEncoding = 4; lastKnownFileType = sourcecode.swift; path = NetData.swift; sourceTree = "<group>"; };
		684109EF259B2D2800A80552 /* NetConfig.swift */ = {isa = PBXFileReference; fileEncoding = 4; lastKnownFileType = sourcecode.swift; path = NetConfig.swift; sourceTree = "<group>"; };
		684109F0259B2D2800A80552 /* NetResponse.swift */ = {isa = PBXFileReference; fileEncoding = 4; lastKnownFileType = sourcecode.swift; path = NetResponse.swift; sourceTree = "<group>"; };
		684109FA259B2E5100A80552 /* GQLAPI.swift */ = {isa = PBXFileReference; lastKnownFileType = sourcecode.swift; path = GQLAPI.swift; sourceTree = "<group>"; };
		684109FE259B39D500A80552 /* DataAPI.swift */ = {isa = PBXFileReference; lastKnownFileType = sourcecode.swift; path = DataAPI.swift; sourceTree = "<group>"; };
		684A20841EA74B7400BFC44C /* nimbus.app */ = {isa = PBXFileReference; explicitFileType = wrapper.application; includeInIndex = 0; path = nimbus.app; sourceTree = BUILT_PRODUCTS_DIR; };
		684A20911EA74B7400BFC44C /* Base */ = {isa = PBXFileReference; lastKnownFileType = file.storyboard; name = Base; path = Base.lproj/Main.storyboard; sourceTree = "<group>"; };
		684A20931EA74B7400BFC44C /* Assets.xcassets */ = {isa = PBXFileReference; lastKnownFileType = folder.assetcatalog; path = Assets.xcassets; sourceTree = "<group>"; };
		684A20961EA74B7400BFC44C /* Base */ = {isa = PBXFileReference; lastKnownFileType = file.storyboard; name = Base; path = Base.lproj/LaunchScreen.storyboard; sourceTree = "<group>"; };
		684A20981EA74B7400BFC44C /* Info.plist */ = {isa = PBXFileReference; lastKnownFileType = text.plist.xml; path = Info.plist; sourceTree = "<group>"; };
		684D7597259A435D003FCB1C /* CloudDetail.swift */ = {isa = PBXFileReference; lastKnownFileType = sourcecode.swift; path = CloudDetail.swift; sourceTree = "<group>"; };
		684D759B259A436D003FCB1C /* Cloud.swift */ = {isa = PBXFileReference; lastKnownFileType = sourcecode.swift; path = Cloud.swift; sourceTree = "<group>"; };
		684D759F259A43DF003FCB1C /* CloudType.swift */ = {isa = PBXFileReference; lastKnownFileType = sourcecode.swift; path = CloudType.swift; sourceTree = "<group>"; };
		684D75A2259A460D003FCB1C /* Database.swift */ = {isa = PBXFileReference; lastKnownFileType = sourcecode.swift; path = Database.swift; sourceTree = "<group>"; };
		684D75A7259A47A9003FCB1C /* RealmOperation.swift */ = {isa = PBXFileReference; fileEncoding = 4; lastKnownFileType = sourcecode.swift; path = RealmOperation.swift; sourceTree = "<group>"; };
		684D75A8259A47AC003FCB1C /* RealmQuery.swift */ = {isa = PBXFileReference; fileEncoding = 4; lastKnownFileType = sourcecode.swift; path = RealmQuery.swift; sourceTree = "<group>"; };
		68B9265023E56D6B0046D78C /* Nimbus-Bridge.h */ = {isa = PBXFileReference; lastKnownFileType = sourcecode.c.h; path = "Nimbus-Bridge.h"; sourceTree = "<group>"; };
		68B9265123E56D6B0046D78C /* MainVC.swift */ = {isa = PBXFileReference; lastKnownFileType = sourcecode.swift; path = MainVC.swift; sourceTree = "<group>"; };
		68B9265423E572B00046D78C /* DetailVC.swift */ = {isa = PBXFileReference; lastKnownFileType = sourcecode.swift; path = DetailVC.swift; sourceTree = "<group>"; };
		68B9265823E57B0C0046D78C /* IntroVC.swift */ = {isa = PBXFileReference; lastKnownFileType = sourcecode.swift; path = IntroVC.swift; sourceTree = "<group>"; };
		68EA8DFA259C6AF800E8D937 /* CloudController.swift */ = {isa = PBXFileReference; lastKnownFileType = sourcecode.swift; path = CloudController.swift; sourceTree = "<group>"; };
		68EA8DFD259C6B0900E8D937 /* AltitudeController.swift */ = {isa = PBXFileReference; lastKnownFileType = sourcecode.swift; path = AltitudeController.swift; sourceTree = "<group>"; };
		68EA8E00259C6B1900E8D937 /* DetailController.swift */ = {isa = PBXFileReference; lastKnownFileType = sourcecode.swift; path = DetailController.swift; sourceTree = "<group>"; };
		D6D798D25D566E7015950EE6 /* Pods-nimbus.release.xcconfig */ = {isa = PBXFileReference; includeInIndex = 1; lastKnownFileType = text.xcconfig; name = "Pods-nimbus.release.xcconfig"; path = "Pods/Target Support Files/Pods-nimbus/Pods-nimbus.release.xcconfig"; sourceTree = "<group>"; };
		E83871A327CBC57500B8D023 /* CloudResults.swift */ = {isa = PBXFileReference; lastKnownFileType = sourcecode.swift; path = CloudResults.swift; sourceTree = "<group>"; };
		E83ECA8927CAAD660016FB3E /* AppDelegate.swift */ = {isa = PBXFileReference; lastKnownFileType = sourcecode.swift; path = AppDelegate.swift; sourceTree = "<group>"; };
/* End PBXFileReference section */

/* Begin PBXFrameworksBuildPhase section */
		684A20811EA74B7400BFC44C /* Frameworks */ = {
			isa = PBXFrameworksBuildPhase;
			buildActionMask = 2147483647;
			files = (
				80AA9E3C8C8867841DE32FA6 /* Pods_nimbus.framework in Frameworks */,
			);
			runOnlyForDeploymentPostprocessing = 0;
		};
/* End PBXFrameworksBuildPhase section */

/* Begin PBXGroup section */
		683511E923E59F35007AC2BB /* TableCells */ = {
			isa = PBXGroup;
			children = (
				683511E723E59C13007AC2BB /* TableCellClass.swift */,
				683511E523E59B1E007AC2BB /* TableCellSynthesis.swift */,
			);
			path = TableCells;
			sourceTree = "<group>";
		};
		684109E7259B2D2800A80552 /* Networker */ = {
			isa = PBXGroup;
			children = (
				684109EA259B2D2800A80552 /* Utilities */,
				684109ED259B2D2800A80552 /* Constructors */,
				684109E8259B2D2800A80552 /* Networker.swift */,
				684109E9259B2D2800A80552 /* NetAgent.swift */,
			);
			path = Networker;
			sourceTree = "<group>";
		};
		684109EA259B2D2800A80552 /* Utilities */ = {
			isa = PBXGroup;
			children = (
				684109EE259B2D2800A80552 /* NetData.swift */,
				684109EB259B2D2800A80552 /* NetUtilities.swift */,
			);
			path = Utilities;
			sourceTree = "<group>";
		};
		684109ED259B2D2800A80552 /* Constructors */ = {
			isa = PBXGroup;
			children = (
				684109EF259B2D2800A80552 /* NetConfig.swift */,
				684109F0259B2D2800A80552 /* NetResponse.swift */,
			);
			path = Constructors;
			sourceTree = "<group>";
		};
		684109F9259B2E3A00A80552 /* GraphQL */ = {
			isa = PBXGroup;
			children = (
				684109FA259B2E5100A80552 /* GQLAPI.swift */,
			);
			path = GraphQL;
			sourceTree = "<group>";
		};
		684A207B1EA74B7400BFC44C = {
			isa = PBXGroup;
			children = (
				684A20861EA74B7400BFC44C /* nimbus */,
				684A20851EA74B7400BFC44C /* Products */,
				D2828EE83853650EBC6D7666 /* Pods */,
				7896288071E0E771343E6221 /* Frameworks */,
			);
			sourceTree = "<group>";
		};
		684A20851EA74B7400BFC44C /* Products */ = {
			isa = PBXGroup;
			children = (
				684A20841EA74B7400BFC44C /* nimbus.app */,
			);
			name = Products;
			sourceTree = "<group>";
		};
		684A20861EA74B7400BFC44C /* nimbus */ = {
			isa = PBXGroup;
			children = (
				E83ECA8927CAAD660016FB3E /* AppDelegate.swift */,
				684A20B21EA76BF500BFC44C /* Model */,
				684A20DB1EA7A3AB00BFC44C /* Controller */,
				684A20AB1EA76BCA00BFC44C /* View */,
				68EA8E17259CCA3D00E8D937 /* System */,
				684A20871EA74B7400BFC44C /* Supporting Files */,
			);
			path = nimbus;
			sourceTree = "<group>";
		};
		684A20871EA74B7400BFC44C /* Supporting Files */ = {
			isa = PBXGroup;
			children = (
				684A20931EA74B7400BFC44C /* Assets.xcassets */,
				684A20981EA74B7400BFC44C /* Info.plist */,
				68B9265023E56D6B0046D78C /* Nimbus-Bridge.h */,
			);
			name = "Supporting Files";
			sourceTree = "<group>";
		};
		684A20AB1EA76BCA00BFC44C /* View */ = {
			isa = PBXGroup;
			children = (
				68B2E05120E9F43400C20BD5 /* Storyboards */,
				68B2E05220E9F98200C20BD5 /* Components */,
				68B9265823E57B0C0046D78C /* IntroVC.swift */,
				68B9265123E56D6B0046D78C /* MainVC.swift */,
				68B9265423E572B00046D78C /* DetailVC.swift */,
			);
			path = View;
			sourceTree = "<group>";
		};
		684A20B21EA76BF500BFC44C /* Model */ = {
			isa = PBXGroup;
			children = (
				684109F9259B2E3A00A80552 /* GraphQL */,
				684D7596259A4343003FCB1C /* RealmObjects */,
				684D75A6259A4795003FCB1C /* RealmManager */,
				684109FE259B39D500A80552 /* DataAPI.swift */,
				684109E3259B2BB200A80552 /* DataManager.swift */,
			);
			path = Model;
			sourceTree = "<group>";
		};
		684A20DB1EA7A3AB00BFC44C /* Controller */ = {
			isa = PBXGroup;
			children = (
				68EA8DFD259C6B0900E8D937 /* AltitudeController.swift */,
				68EA8E00259C6B1900E8D937 /* DetailController.swift */,
				68EA8DFA259C6AF800E8D937 /* CloudController.swift */,
			);
			path = Controller;
			sourceTree = "<group>";
		};
		684D7596259A4343003FCB1C /* RealmObjects */ = {
			isa = PBXGroup;
			children = (
				E83871A327CBC57500B8D023 /* CloudResults.swift */,
				684D759B259A436D003FCB1C /* Cloud.swift */,
				684D759F259A43DF003FCB1C /* CloudType.swift */,
				684D7597259A435D003FCB1C /* CloudDetail.swift */,
			);
			path = RealmObjects;
			sourceTree = "<group>";
		};
		684D75A6259A4795003FCB1C /* RealmManager */ = {
			isa = PBXGroup;
			children = (
				684D75A2259A460D003FCB1C /* Database.swift */,
				684D75A7259A47A9003FCB1C /* RealmOperation.swift */,
				684D75A8259A47AC003FCB1C /* RealmQuery.swift */,
			);
			path = RealmManager;
			sourceTree = "<group>";
		};
		68B2E05120E9F43400C20BD5 /* Storyboards */ = {
			isa = PBXGroup;
			children = (
				684A20951EA74B7400BFC44C /* LaunchScreen.storyboard */,
				684A20901EA74B7400BFC44C /* Main.storyboard */,
			);
			path = Storyboards;
			sourceTree = "<group>";
		};
		68B2E05220E9F98200C20BD5 /* Components */ = {
			isa = PBXGroup;
			children = (
				683511E923E59F35007AC2BB /* TableCells */,
			);
			path = Components;
			sourceTree = "<group>";
		};
		68EA8E17259CCA3D00E8D937 /* System */ = {
			isa = PBXGroup;
			children = (
				684109E7259B2D2800A80552 /* Networker */,
			);
			path = System;
			sourceTree = "<group>";
		};
		7896288071E0E771343E6221 /* Frameworks */ = {
			isa = PBXGroup;
			children = (
				1272D989A4F583ADA49D8CDD /* Pods_nimbus.framework */,
			);
			name = Frameworks;
			sourceTree = "<group>";
		};
		D2828EE83853650EBC6D7666 /* Pods */ = {
			isa = PBXGroup;
			children = (
				677CD0CD5F91D9D829360CD8 /* Pods-nimbus.debug.xcconfig */,
				D6D798D25D566E7015950EE6 /* Pods-nimbus.release.xcconfig */,
			);
			name = Pods;
			sourceTree = "<group>";
		};
/* End PBXGroup section */

/* Begin PBXNativeTarget section */
		684A20831EA74B7400BFC44C /* nimbus */ = {
			isa = PBXNativeTarget;
			buildConfigurationList = 684A209B1EA74B7400BFC44C /* Build configuration list for PBXNativeTarget "nimbus" */;
			buildPhases = (
				B943777581A2326B5D711B04 /* [CP] Check Pods Manifest.lock */,
				684A20801EA74B7400BFC44C /* Sources */,
				684A20811EA74B7400BFC44C /* Frameworks */,
				684A20821EA74B7400BFC44C /* Resources */,
				3F44FEF31CEA611819A25BA1 /* [CP] Embed Pods Frameworks */,
			);
			buildRules = (
			);
			dependencies = (
			);
			name = nimbus;
			productName = nimbus;
			productReference = 684A20841EA74B7400BFC44C /* nimbus.app */;
			productType = "com.apple.product-type.application";
		};
/* End PBXNativeTarget section */

/* Begin PBXProject section */
		684A207C1EA74B7400BFC44C /* Project object */ = {
			isa = PBXProject;
			attributes = {
				LastUpgradeCheck = 1230;
				ORGANIZATIONNAME = Cloudfields;
				TargetAttributes = {
					684A20831EA74B7400BFC44C = {
						CreatedOnToolsVersion = 8.3;
						DevelopmentTeam = AFNBPBD3C5;
						LastSwiftMigration = 1130;
						ProvisioningStyle = Automatic;
					};
				};
			};
			buildConfigurationList = 684A207F1EA74B7400BFC44C /* Build configuration list for PBXProject "nimbus" */;
			compatibilityVersion = "Xcode 12.0";
			developmentRegion = en;
			hasScannedForEncodings = 0;
			knownRegions = (
				en,
				Base,
			);
			mainGroup = 684A207B1EA74B7400BFC44C;
			productRefGroup = 684A20851EA74B7400BFC44C /* Products */;
			projectDirPath = "";
			projectRoot = "";
			targets = (
				684A20831EA74B7400BFC44C /* nimbus */,
			);
		};
/* End PBXProject section */

/* Begin PBXResourcesBuildPhase section */
		684A20821EA74B7400BFC44C /* Resources */ = {
			isa = PBXResourcesBuildPhase;
			buildActionMask = 2147483647;
			files = (
				684A20971EA74B7400BFC44C /* LaunchScreen.storyboard in Resources */,
				684A20941EA74B7400BFC44C /* Assets.xcassets in Resources */,
				684A20921EA74B7400BFC44C /* Main.storyboard in Resources */,
			);
			runOnlyForDeploymentPostprocessing = 0;
		};
/* End PBXResourcesBuildPhase section */

/* Begin PBXShellScriptBuildPhase section */
		3F44FEF31CEA611819A25BA1 /* [CP] Embed Pods Frameworks */ = {
			isa = PBXShellScriptBuildPhase;
			buildActionMask = 2147483647;
			files = (
			);
			inputFileListPaths = (
				"${PODS_ROOT}/Target Support Files/Pods-nimbus/Pods-nimbus-frameworks-${CONFIGURATION}-input-files.xcfilelist",
			);
			name = "[CP] Embed Pods Frameworks";
			outputFileListPaths = (
				"${PODS_ROOT}/Target Support Files/Pods-nimbus/Pods-nimbus-frameworks-${CONFIGURATION}-output-files.xcfilelist",
			);
			runOnlyForDeploymentPostprocessing = 0;
			shellPath = /bin/sh;
			shellScript = "\"${PODS_ROOT}/Target Support Files/Pods-nimbus/Pods-nimbus-frameworks.sh\"\n";
			showEnvVarsInLog = 0;
		};
		B943777581A2326B5D711B04 /* [CP] Check Pods Manifest.lock */ = {
			isa = PBXShellScriptBuildPhase;
			buildActionMask = 2147483647;
			files = (
			);
			inputPaths = (
				"${PODS_PODFILE_DIR_PATH}/Podfile.lock",
				"${PODS_ROOT}/Manifest.lock",
			);
			name = "[CP] Check Pods Manifest.lock";
			outputPaths = (
				"$(DERIVED_FILE_DIR)/Pods-nimbus-checkManifestLockResult.txt",
			);
			runOnlyForDeploymentPostprocessing = 0;
			shellPath = /bin/sh;
			shellScript = "diff \"${PODS_PODFILE_DIR_PATH}/Podfile.lock\" \"${PODS_ROOT}/Manifest.lock\" > /dev/null\nif [ $? != 0 ] ; then\n    # print error to STDERR\n    echo \"error: The sandbox is not in sync with the Podfile.lock. Run 'pod install' or update your CocoaPods installation.\" >&2\n    exit 1\nfi\n# This output is used by Xcode 'outputs' to avoid re-running this script phase.\necho \"SUCCESS\" > \"${SCRIPT_OUTPUT_FILE_0}\"\n";
			showEnvVarsInLog = 0;
		};
/* End PBXShellScriptBuildPhase section */

/* Begin PBXSourcesBuildPhase section */
		684A20801EA74B7400BFC44C /* Sources */ = {
			isa = PBXSourcesBuildPhase;
			buildActionMask = 2147483647;
			files = (
				E83871A427CBC57500B8D023 /* CloudResults.swift in Sources */,
				68EA8DFB259C6AF800E8D937 /* CloudController.swift in Sources */,
				68B9265923E57B0C0046D78C /* IntroVC.swift in Sources */,
				68B9265223E56D6B0046D78C /* MainVC.swift in Sources */,
				68EA8DFE259C6B0900E8D937 /* AltitudeController.swift in Sources */,
				68EA8E01259C6B1900E8D937 /* DetailController.swift in Sources */,
				684109F6259B2D2800A80552 /* NetConfig.swift in Sources */,
				68EA8E2D259CD00500E8D937 /* TableCellSynthesis.swift in Sources */,
				684D75A0259A43DF003FCB1C /* CloudType.swift in Sources */,
				684109F5259B2D2800A80552 /* NetData.swift in Sources */,
				684D75A3259A460D003FCB1C /* Database.swift in Sources */,
				68B9265523E572B00046D78C /* DetailVC.swift in Sources */,
				684109F2259B2D2800A80552 /* NetAgent.swift in Sources */,
				684109FF259B39D500A80552 /* DataAPI.swift in Sources */,
				684D7598259A435D003FCB1C /* CloudDetail.swift in Sources */,
				684109F1259B2D2800A80552 /* Networker.swift in Sources */,
				684109E4259B2BB200A80552 /* DataManager.swift in Sources */,
				684D75AA259A47AC003FCB1C /* RealmQuery.swift in Sources */,
				684109F3259B2D2800A80552 /* NetUtilities.swift in Sources */,
				E83ECA8A27CAAD660016FB3E /* AppDelegate.swift in Sources */,
				684D75A9259A47AC003FCB1C /* RealmOperation.swift in Sources */,
				684109F7259B2D2800A80552 /* NetResponse.swift in Sources */,
				683511E823E59C13007AC2BB /* TableCellClass.swift in Sources */,
				684D759C259A436D003FCB1C /* Cloud.swift in Sources */,
			);
			runOnlyForDeploymentPostprocessing = 0;
		};
/* End PBXSourcesBuildPhase section */

/* Begin PBXVariantGroup section */
		684A20901EA74B7400BFC44C /* Main.storyboard */ = {
			isa = PBXVariantGroup;
			children = (
				684A20911EA74B7400BFC44C /* Base */,
			);
			name = Main.storyboard;
			sourceTree = "<group>";
		};
		684A20951EA74B7400BFC44C /* LaunchScreen.storyboard */ = {
			isa = PBXVariantGroup;
			children = (
				684A20961EA74B7400BFC44C /* Base */,
			);
			name = LaunchScreen.storyboard;
			sourceTree = "<group>";
		};
/* End PBXVariantGroup section */

/* Begin XCBuildConfiguration section */
		684A20991EA74B7400BFC44C /* Debug */ = {
			isa = XCBuildConfiguration;
			buildSettings = {
				ALWAYS_SEARCH_USER_PATHS = NO;
				CLANG_ANALYZER_LOCALIZABILITY_NONLOCALIZED = YES;
				CLANG_ANALYZER_NONNULL = YES;
				CLANG_ANALYZER_NUMBER_OBJECT_CONVERSION = YES_AGGRESSIVE;
				CLANG_CXX_LANGUAGE_STANDARD = "gnu++0x";
				CLANG_CXX_LIBRARY = "libc++";
				CLANG_ENABLE_MODULES = YES;
				CLANG_ENABLE_OBJC_ARC = YES;
				CLANG_WARN_BLOCK_CAPTURE_AUTORELEASING = YES;
				CLANG_WARN_BOOL_CONVERSION = YES;
				CLANG_WARN_COMMA = YES;
				CLANG_WARN_CONSTANT_CONVERSION = YES;
				CLANG_WARN_DEPRECATED_OBJC_IMPLEMENTATIONS = YES;
				CLANG_WARN_DIRECT_OBJC_ISA_USAGE = YES_ERROR;
				CLANG_WARN_DOCUMENTATION_COMMENTS = YES;
				CLANG_WARN_EMPTY_BODY = YES;
				CLANG_WARN_ENUM_CONVERSION = YES;
				CLANG_WARN_INFINITE_RECURSION = YES;
				CLANG_WARN_INT_CONVERSION = YES;
				CLANG_WARN_NON_LITERAL_NULL_CONVERSION = YES;
				CLANG_WARN_OBJC_IMPLICIT_RETAIN_SELF = YES;
				CLANG_WARN_OBJC_LITERAL_CONVERSION = YES;
				CLANG_WARN_OBJC_ROOT_CLASS = YES_ERROR;
				CLANG_WARN_QUOTED_INCLUDE_IN_FRAMEWORK_HEADER = YES;
				CLANG_WARN_RANGE_LOOP_ANALYSIS = YES;
				CLANG_WARN_STRICT_PROTOTYPES = YES;
				CLANG_WARN_SUSPICIOUS_MOVE = YES;
				CLANG_WARN_UNREACHABLE_CODE = YES;
				CLANG_WARN__DUPLICATE_METHOD_MATCH = YES;
				"CODE_SIGN_IDENTITY[sdk=iphoneos*]" = "iPhone Developer";
				COPY_PHASE_STRIP = NO;
				DEBUG_INFORMATION_FORMAT = dwarf;
				ENABLE_STRICT_OBJC_MSGSEND = YES;
				ENABLE_TESTABILITY = YES;
				GCC_C_LANGUAGE_STANDARD = gnu99;
				GCC_DYNAMIC_NO_PIC = NO;
				GCC_NO_COMMON_BLOCKS = YES;
				GCC_OPTIMIZATION_LEVEL = 0;
				GCC_PREPROCESSOR_DEFINITIONS = (
					"DEBUG=1",
					"$(inherited)",
				);
				GCC_WARN_64_TO_32_BIT_CONVERSION = YES;
				GCC_WARN_ABOUT_RETURN_TYPE = YES_ERROR;
				GCC_WARN_UNDECLARED_SELECTOR = YES;
				GCC_WARN_UNINITIALIZED_AUTOS = YES_AGGRESSIVE;
				GCC_WARN_UNUSED_FUNCTION = YES;
				GCC_WARN_UNUSED_VARIABLE = YES;
				IPHONEOS_DEPLOYMENT_TARGET = 12.0;
				MTL_ENABLE_DEBUG_INFO = YES;
				ONLY_ACTIVE_ARCH = YES;
				SDKROOT = iphoneos;
				SWIFT_OBJC_BRIDGING_HEADER = "";
				TARGETED_DEVICE_FAMILY = "1,2";
			};
			name = Debug;
		};
		684A209A1EA74B7400BFC44C /* Release */ = {
			isa = XCBuildConfiguration;
			buildSettings = {
				ALWAYS_SEARCH_USER_PATHS = NO;
				CLANG_ANALYZER_LOCALIZABILITY_NONLOCALIZED = YES;
				CLANG_ANALYZER_NONNULL = YES;
				CLANG_ANALYZER_NUMBER_OBJECT_CONVERSION = YES_AGGRESSIVE;
				CLANG_CXX_LANGUAGE_STANDARD = "gnu++0x";
				CLANG_CXX_LIBRARY = "libc++";
				CLANG_ENABLE_MODULES = YES;
				CLANG_ENABLE_OBJC_ARC = YES;
				CLANG_WARN_BLOCK_CAPTURE_AUTORELEASING = YES;
				CLANG_WARN_BOOL_CONVERSION = YES;
				CLANG_WARN_COMMA = YES;
				CLANG_WARN_CONSTANT_CONVERSION = YES;
				CLANG_WARN_DEPRECATED_OBJC_IMPLEMENTATIONS = YES;
				CLANG_WARN_DIRECT_OBJC_ISA_USAGE = YES_ERROR;
				CLANG_WARN_DOCUMENTATION_COMMENTS = YES;
				CLANG_WARN_EMPTY_BODY = YES;
				CLANG_WARN_ENUM_CONVERSION = YES;
				CLANG_WARN_INFINITE_RECURSION = YES;
				CLANG_WARN_INT_CONVERSION = YES;
				CLANG_WARN_NON_LITERAL_NULL_CONVERSION = YES;
				CLANG_WARN_OBJC_IMPLICIT_RETAIN_SELF = YES;
				CLANG_WARN_OBJC_LITERAL_CONVERSION = YES;
				CLANG_WARN_OBJC_ROOT_CLASS = YES_ERROR;
				CLANG_WARN_QUOTED_INCLUDE_IN_FRAMEWORK_HEADER = YES;
				CLANG_WARN_RANGE_LOOP_ANALYSIS = YES;
				CLANG_WARN_STRICT_PROTOTYPES = YES;
				CLANG_WARN_SUSPICIOUS_MOVE = YES;
				CLANG_WARN_UNREACHABLE_CODE = YES;
				CLANG_WARN__DUPLICATE_METHOD_MATCH = YES;
				"CODE_SIGN_IDENTITY[sdk=iphoneos*]" = "iPhone Developer";
				COPY_PHASE_STRIP = NO;
				DEBUG_INFORMATION_FORMAT = "dwarf-with-dsym";
				ENABLE_NS_ASSERTIONS = NO;
				ENABLE_STRICT_OBJC_MSGSEND = YES;
				GCC_C_LANGUAGE_STANDARD = gnu99;
				GCC_NO_COMMON_BLOCKS = YES;
				GCC_WARN_64_TO_32_BIT_CONVERSION = YES;
				GCC_WARN_ABOUT_RETURN_TYPE = YES_ERROR;
				GCC_WARN_UNDECLARED_SELECTOR = YES;
				GCC_WARN_UNINITIALIZED_AUTOS = YES_AGGRESSIVE;
				GCC_WARN_UNUSED_FUNCTION = YES;
				GCC_WARN_UNUSED_VARIABLE = YES;
				IPHONEOS_DEPLOYMENT_TARGET = 12.0;
				MTL_ENABLE_DEBUG_INFO = NO;
				SDKROOT = iphoneos;
				SWIFT_COMPILATION_MODE = wholemodule;
				SWIFT_OBJC_BRIDGING_HEADER = "";
				TARGETED_DEVICE_FAMILY = "1,2";
				VALIDATE_PRODUCT = YES;
			};
			name = Release;
		};
		684A209C1EA74B7400BFC44C /* Debug */ = {
			isa = XCBuildConfiguration;
			baseConfigurationReference = 677CD0CD5F91D9D829360CD8 /* Pods-nimbus.debug.xcconfig */;
			buildSettings = {
				ASSETCATALOG_COMPILER_APPICON_NAME = AppIcon;
				CLANG_ENABLE_MODULES = YES;
				DEVELOPMENT_TEAM = AFNBPBD3C5;
				INFOPLIST_FILE = nimbus/Info.plist;
				IPHONEOS_DEPLOYMENT_TARGET = 14.0;
				LD_RUNPATH_SEARCH_PATHS = (
					"$(inherited)",
					"@executable_path/Frameworks",
				);
				PRODUCT_BUNDLE_IDENTIFIER = net.cloudfields.nimbus;
				PRODUCT_NAME = "$(TARGET_NAME)";
				SWIFT_OPTIMIZATION_LEVEL = "-Onone";
				SWIFT_VERSION = 5.0;
				TARGETED_DEVICE_FAMILY = 1;
			};
			name = Debug;
		};
		684A209D1EA74B7400BFC44C /* Release */ = {
			isa = XCBuildConfiguration;
			baseConfigurationReference = D6D798D25D566E7015950EE6 /* Pods-nimbus.release.xcconfig */;
			buildSettings = {
				ASSETCATALOG_COMPILER_APPICON_NAME = AppIcon;
				CLANG_ENABLE_MODULES = YES;
				DEVELOPMENT_TEAM = AFNBPBD3C5;
				INFOPLIST_FILE = nimbus/Info.plist;
				IPHONEOS_DEPLOYMENT_TARGET = 14.0;
				LD_RUNPATH_SEARCH_PATHS = (
					"$(inherited)",
					"@executable_path/Frameworks",
				);
				PRODUCT_BUNDLE_IDENTIFIER = net.cloudfields.nimbus;
				PRODUCT_NAME = "$(TARGET_NAME)";
				SWIFT_VERSION = 5.0;
				TARGETED_DEVICE_FAMILY = 1;
			};
			name = Release;
		};
/* End XCBuildConfiguration section */

/* Begin XCConfigurationList section */
		684A207F1EA74B7400BFC44C /* Build configuration list for PBXProject "nimbus" */ = {
			isa = XCConfigurationList;
			buildConfigurations = (
				684A20991EA74B7400BFC44C /* Debug */,
				684A209A1EA74B7400BFC44C /* Release */,
			);
			defaultConfigurationIsVisible = 0;
			defaultConfigurationName = Release;
		};
		684A209B1EA74B7400BFC44C /* Build configuration list for PBXNativeTarget "nimbus" */ = {
			isa = XCConfigurationList;
			buildConfigurations = (
				684A209C1EA74B7400BFC44C /* Debug */,
				684A209D1EA74B7400BFC44C /* Release */,
			);
			defaultConfigurationIsVisible = 0;
			defaultConfigurationName = Release;
		};
/* End XCConfigurationList section */
	};
	rootObject = 684A207C1EA74B7400BFC44C /* Project object */;
}
